// !$*UTF8*$!
{
	archiveVersion = 1;
	classes = {
	};
	objectVersion = 46;
	objects = {

/* Begin PBXBuildFile section */
		260CA82C78ECAD23C24C0407 /* Pods_PhotoRollTests.framework in Frameworks */ = {isa = PBXBuildFile; fileRef = D3513D604CD6D4D6FBE97CFD /* Pods_PhotoRollTests.framework */; };
		325E4533A28060DC5D2ED1C3 /* Pods_PhotoRollUITests.framework in Frameworks */ = {isa = PBXBuildFile; fileRef = CBD1C981B0BDC90FC0BCE267 /* Pods_PhotoRollUITests.framework */; };
		450550BF1DAD0BB400918DF7 /* SwipeInteractionController.swift in Sources */ = {isa = PBXBuildFile; fileRef = 450550BE1DAD0BB400918DF7 /* SwipeInteractionController.swift */; };
		45453FBE1E701B7600AB096E /* ImageDetailViewController+ImageTransition.swift in Sources */ = {isa = PBXBuildFile; fileRef = 45453FBD1E701B7600AB096E /* ImageDetailViewController+ImageTransition.swift */; };
		45453FC21E701BF800AB096E /* TimelineCollectionViewController+ImageTransition.swift in Sources */ = {isa = PBXBuildFile; fileRef = 45453FC11E701BF800AB096E /* TimelineCollectionViewController+ImageTransition.swift */; };
		45463F941E66D20A00FA65ED /* ImageDownloader.swift in Sources */ = {isa = PBXBuildFile; fileRef = 45463F931E66D20A00FA65ED /* ImageDownloader.swift */; };
		45463F971E66D9DD00FA65ED /* UIImageViewExtensions.swift in Sources */ = {isa = PBXBuildFile; fileRef = 45463F961E66D9DD00FA65ED /* UIImageViewExtensions.swift */; };
		454AA8CD1E784308007BD6F2 /* UIColorExtensions.swift in Sources */ = {isa = PBXBuildFile; fileRef = 454AA8CC1E784308007BD6F2 /* UIColorExtensions.swift */; };
		4565BFAF1E8957C90035E195 /* UIPanGestureRecognizerExtensions.swift in Sources */ = {isa = PBXBuildFile; fileRef = 4565BFAE1E8957C90035E195 /* UIPanGestureRecognizerExtensions.swift */; };
		4565BFB21E8BEC980035E195 /* BenchmarkTimer.swift in Sources */ = {isa = PBXBuildFile; fileRef = 4565BFB11E8BEC980035E195 /* BenchmarkTimer.swift */; };
		45875F6C1E3B57F30043C52B /* SwipeInteractionController.swift in Sources */ = {isa = PBXBuildFile; fileRef = 450550BE1DAD0BB400918DF7 /* SwipeInteractionController.swift */; };
		4595A6721E715FBF009B80AD /* ImageDetailViewController+UIScrollView.swift in Sources */ = {isa = PBXBuildFile; fileRef = 4595A6711E715FBF009B80AD /* ImageDetailViewController+UIScrollView.swift */; };
		45EB81591E94F593001C2BDA /* ImageDetailPresenter.swift in Sources */ = {isa = PBXBuildFile; fileRef = 5BE313961CEF197C00C20996 /* ImageDetailPresenter.swift */; };
		45EB815A1E94F596001C2BDA /* ImageDetailInteractor.swift in Sources */ = {isa = PBXBuildFile; fileRef = 5BE313941CEF197C00C20996 /* ImageDetailInteractor.swift */; };
		45EB815B1E94F599001C2BDA /* ImageDetailViewController.swift in Sources */ = {isa = PBXBuildFile; fileRef = 5BE313981CEF197C00C20996 /* ImageDetailViewController.swift */; };
		45EB815C1E94F59B001C2BDA /* ImageDetailViewController+UIScrollView.swift in Sources */ = {isa = PBXBuildFile; fileRef = 4595A6711E715FBF009B80AD /* ImageDetailViewController+UIScrollView.swift */; };
		45EB815D1E94F59D001C2BDA /* ImageDetailViewController+ImageTransition.swift in Sources */ = {isa = PBXBuildFile; fileRef = 45453FBD1E701B7600AB096E /* ImageDetailViewController+ImageTransition.swift */; };
		45EB815E1E94F5AC001C2BDA /* TimelineCollectionViewController+ImageTransition.swift in Sources */ = {isa = PBXBuildFile; fileRef = 45453FC11E701BF800AB096E /* TimelineCollectionViewController+ImageTransition.swift */; };
		45EB815F1E94F5C3001C2BDA /* ImageDownloader.swift in Sources */ = {isa = PBXBuildFile; fileRef = 45463F931E66D20A00FA65ED /* ImageDownloader.swift */; };
		45EB81601E94F5E6001C2BDA /* BenchmarkTimer.swift in Sources */ = {isa = PBXBuildFile; fileRef = 4565BFB11E8BEC980035E195 /* BenchmarkTimer.swift */; };
		45EB81611E94F606001C2BDA /* UIColorExtensions.swift in Sources */ = {isa = PBXBuildFile; fileRef = 454AA8CC1E784308007BD6F2 /* UIColorExtensions.swift */; };
		45EB81621E94F609001C2BDA /* UIPanGestureRecognizerExtensions.swift in Sources */ = {isa = PBXBuildFile; fileRef = 4565BFAE1E8957C90035E195 /* UIPanGestureRecognizerExtensions.swift */; };
		45EB81631E94F60B001C2BDA /* UIImageViewExtensions.swift in Sources */ = {isa = PBXBuildFile; fileRef = 45463F961E66D9DD00FA65ED /* UIImageViewExtensions.swift */; };
		5B3F5A0F1CFC7CF6004B4F23 /* ImageTransitioning.swift in Sources */ = {isa = PBXBuildFile; fileRef = 5B3F5A0E1CFC7CF6004B4F23 /* ImageTransitioning.swift */; };
		5B3F5A101CFC7CF6004B4F23 /* ImageTransitioning.swift in Sources */ = {isa = PBXBuildFile; fileRef = 5B3F5A0E1CFC7CF6004B4F23 /* ImageTransitioning.swift */; };
		5B3FB3281CECACFB00035A4E /* PhotoImageCollectionViewCell.swift in Sources */ = {isa = PBXBuildFile; fileRef = 5B3FB3271CECACFB00035A4E /* PhotoImageCollectionViewCell.swift */; };
		5B3FB3291CECACFB00035A4E /* PhotoImageCollectionViewCell.swift in Sources */ = {isa = PBXBuildFile; fileRef = 5B3FB3271CECACFB00035A4E /* PhotoImageCollectionViewCell.swift */; };
		5B3FB32D1CECB36C00035A4E /* ImageCache.swift in Sources */ = {isa = PBXBuildFile; fileRef = 5B3FB32C1CECB36C00035A4E /* ImageCache.swift */; };
		5B3FB32E1CECB36C00035A4E /* ImageCache.swift in Sources */ = {isa = PBXBuildFile; fileRef = 5B3FB32C1CECB36C00035A4E /* ImageCache.swift */; };
		5B3FB3321CECCC1300035A4E /* TimelineCollectionGridLayout.swift in Sources */ = {isa = PBXBuildFile; fileRef = 5B3FB3311CECCC1300035A4E /* TimelineCollectionGridLayout.swift */; };
		5B3FB3331CECCC1300035A4E /* TimelineCollectionGridLayout.swift in Sources */ = {isa = PBXBuildFile; fileRef = 5B3FB3311CECCC1300035A4E /* TimelineCollectionGridLayout.swift */; };
		5B610A501CFC55CB00646828 /* ImageUtils.swift in Sources */ = {isa = PBXBuildFile; fileRef = 5B610A4F1CFC55CB00646828 /* ImageUtils.swift */; };
		5B610A511CFC55CB00646828 /* ImageUtils.swift in Sources */ = {isa = PBXBuildFile; fileRef = 5B610A4F1CFC55CB00646828 /* ImageUtils.swift */; };
		5B8E856D1CAAA10800641C58 /* Decoders.swift in Sources */ = {isa = PBXBuildFile; fileRef = 5B8E856C1CAAA10800641C58 /* Decoders.swift */; };
		5B9010431C99913F00796561 /* AppDelegate.swift in Sources */ = {isa = PBXBuildFile; fileRef = 5B9010421C99913F00796561 /* AppDelegate.swift */; };
		5B9010481C99913F00796561 /* Main.storyboard in Resources */ = {isa = PBXBuildFile; fileRef = 5B9010461C99913F00796561 /* Main.storyboard */; };
		5B90104B1C99913F00796561 /* PhotoRoll.xcdatamodeld in Sources */ = {isa = PBXBuildFile; fileRef = 5B9010491C99913F00796561 /* PhotoRoll.xcdatamodeld */; };
		5B90104D1C99913F00796561 /* Assets.xcassets in Resources */ = {isa = PBXBuildFile; fileRef = 5B90104C1C99913F00796561 /* Assets.xcassets */; };
		5B9010501C99913F00796561 /* LaunchScreen.storyboard in Resources */ = {isa = PBXBuildFile; fileRef = 5B90104E1C99913F00796561 /* LaunchScreen.storyboard */; };
		5B90105B1C99913F00796561 /* PhotoRollTests.swift in Sources */ = {isa = PBXBuildFile; fileRef = 5B90105A1C99913F00796561 /* PhotoRollTests.swift */; };
		5B9010661C99913F00796561 /* PhotoRollUITests.swift in Sources */ = {isa = PBXBuildFile; fileRef = 5B9010651C99913F00796561 /* PhotoRollUITests.swift */; };
		5B90107D1C99A9A300796561 /* PhotosTimelineConfigurator.swift in Sources */ = {isa = PBXBuildFile; fileRef = 5B9010761C99A9A300796561 /* PhotosTimelineConfigurator.swift */; };
		5B90107E1C99A9A300796561 /* PhotosTimelineInteractor.swift in Sources */ = {isa = PBXBuildFile; fileRef = 5B9010771C99A9A300796561 /* PhotosTimelineInteractor.swift */; };
		5B90107F1C99A9A300796561 /* PhotosTimelineModels.swift in Sources */ = {isa = PBXBuildFile; fileRef = 5B9010781C99A9A300796561 /* PhotosTimelineModels.swift */; };
		5B9010801C99A9A300796561 /* PhotosTimelinePresenter.swift in Sources */ = {isa = PBXBuildFile; fileRef = 5B9010791C99A9A300796561 /* PhotosTimelinePresenter.swift */; };
		5B9010811C99A9A300796561 /* PhotosTimelineRouter.swift in Sources */ = {isa = PBXBuildFile; fileRef = 5B90107A1C99A9A300796561 /* PhotosTimelineRouter.swift */; };
		5B9010871C99AA6F00796561 /* BaseClientAPI.swift in Sources */ = {isa = PBXBuildFile; fileRef = 5B9010861C99AA6F00796561 /* BaseClientAPI.swift */; };
		5B9010881C99AA6F00796561 /* BaseClientAPI.swift in Sources */ = {isa = PBXBuildFile; fileRef = 5B9010861C99AA6F00796561 /* BaseClientAPI.swift */; };
		5B9010891C99AA6F00796561 /* BaseClientAPI.swift in Sources */ = {isa = PBXBuildFile; fileRef = 5B9010861C99AA6F00796561 /* BaseClientAPI.swift */; };
		5B90108C1C99AAC000796561 /* StringExtensions.swift in Sources */ = {isa = PBXBuildFile; fileRef = 5B90108B1C99AAC000796561 /* StringExtensions.swift */; };
		5B90108D1C99AAC000796561 /* StringExtensions.swift in Sources */ = {isa = PBXBuildFile; fileRef = 5B90108B1C99AAC000796561 /* StringExtensions.swift */; };
		5B9010911C99AB8A00796561 /* APIModels.swift in Sources */ = {isa = PBXBuildFile; fileRef = 5B9010901C99AB8A00796561 /* APIModels.swift */; };
		5B9010921C99AB8A00796561 /* APIModels.swift in Sources */ = {isa = PBXBuildFile; fileRef = 5B9010901C99AB8A00796561 /* APIModels.swift */; };
		5B90109F1C9AADAC00796561 /* ClientPhotos.swift in Sources */ = {isa = PBXBuildFile; fileRef = 5B90109E1C9AADAC00796561 /* ClientPhotos.swift */; };
		5B9010A01C9AADAC00796561 /* ClientPhotos.swift in Sources */ = {isa = PBXBuildFile; fileRef = 5B90109E1C9AADAC00796561 /* ClientPhotos.swift */; };
		5B9010A11C9AADAC00796561 /* ClientPhotos.swift in Sources */ = {isa = PBXBuildFile; fileRef = 5B90109E1C9AADAC00796561 /* ClientPhotos.swift */; };
		5B9010A81C9ACEFC00796561 /* PhotosTimelineInteractorTests.swift in Sources */ = {isa = PBXBuildFile; fileRef = 5B9010A31C9ACEFC00796561 /* PhotosTimelineInteractorTests.swift */; };
		5B9010AB1C9ACEFC00796561 /* PhotosTimelinePresenterTests.swift in Sources */ = {isa = PBXBuildFile; fileRef = 5B9010A41C9ACEFC00796561 /* PhotosTimelinePresenterTests.swift */; };
		5B9010AE1C9ACEFC00796561 /* PhotosTimelineViewControllerTests.swift in Sources */ = {isa = PBXBuildFile; fileRef = 5B9010A51C9ACEFC00796561 /* PhotosTimelineViewControllerTests.swift */; };
		5B9010B31C9AD4FE00796561 /* PhotosTimelineInteractor.swift in Sources */ = {isa = PBXBuildFile; fileRef = 5B9010771C99A9A300796561 /* PhotosTimelineInteractor.swift */; };
		5B9010B41C9AD50100796561 /* PhotosTimelinePresenter.swift in Sources */ = {isa = PBXBuildFile; fileRef = 5B9010791C99A9A300796561 /* PhotosTimelinePresenter.swift */; };
		5B9010B61C9AD53A00796561 /* PhotosTimelineModels.swift in Sources */ = {isa = PBXBuildFile; fileRef = 5B9010781C99A9A300796561 /* PhotosTimelineModels.swift */; };
		5B9010B71C9AD53A00796561 /* PhotosTimelineRouter.swift in Sources */ = {isa = PBXBuildFile; fileRef = 5B90107A1C99A9A300796561 /* PhotosTimelineRouter.swift */; };
		5B9010B91C9AD53A00796561 /* PhotosTimelineConfigurator.swift in Sources */ = {isa = PBXBuildFile; fileRef = 5B9010761C99A9A300796561 /* PhotosTimelineConfigurator.swift */; };
		5B9010BA1C9ADE1000796561 /* Main.storyboard in Resources */ = {isa = PBXBuildFile; fileRef = 5B9010461C99913F00796561 /* Main.storyboard */; };
		5B9010BB1C9ADE1400796561 /* AppDelegate.swift in Sources */ = {isa = PBXBuildFile; fileRef = 5B9010421C99913F00796561 /* AppDelegate.swift */; };
		5B9010BE1C9AE36900796561 /* FetchMediaWorker.swift in Sources */ = {isa = PBXBuildFile; fileRef = 5B9010BD1C9AE36900796561 /* FetchMediaWorker.swift */; };
		5B9010BF1C9AE36900796561 /* FetchMediaWorker.swift in Sources */ = {isa = PBXBuildFile; fileRef = 5B9010BD1C9AE36900796561 /* FetchMediaWorker.swift */; };
		5BA250701CBFB303005F59AD /* TimelineCollectionViewController.swift in Sources */ = {isa = PBXBuildFile; fileRef = 5BA2506F1CBFB303005F59AD /* TimelineCollectionViewController.swift */; };
		5BA250711CBFB303005F59AD /* TimelineCollectionViewController.swift in Sources */ = {isa = PBXBuildFile; fileRef = 5BA2506F1CBFB303005F59AD /* TimelineCollectionViewController.swift */; };
		5BB867861CAC34CB00C109BE /* Decoders.swift in Sources */ = {isa = PBXBuildFile; fileRef = 5B8E856C1CAAA10800641C58 /* Decoders.swift */; };
		5BE3139A1CEF197C00C20996 /* ImageDetailConfigurator.swift in Sources */ = {isa = PBXBuildFile; fileRef = 5BE313931CEF197C00C20996 /* ImageDetailConfigurator.swift */; };
		5BE3139B1CEF197C00C20996 /* ImageDetailConfigurator.swift in Sources */ = {isa = PBXBuildFile; fileRef = 5BE313931CEF197C00C20996 /* ImageDetailConfigurator.swift */; };
		5BE3139D1CEF197C00C20996 /* ImageDetailInteractor.swift in Sources */ = {isa = PBXBuildFile; fileRef = 5BE313941CEF197C00C20996 /* ImageDetailInteractor.swift */; };
		5BE313A01CEF197C00C20996 /* ImageDetailModels.swift in Sources */ = {isa = PBXBuildFile; fileRef = 5BE313951CEF197C00C20996 /* ImageDetailModels.swift */; };
		5BE313A11CEF197C00C20996 /* ImageDetailModels.swift in Sources */ = {isa = PBXBuildFile; fileRef = 5BE313951CEF197C00C20996 /* ImageDetailModels.swift */; };
		5BE313A31CEF197C00C20996 /* ImageDetailPresenter.swift in Sources */ = {isa = PBXBuildFile; fileRef = 5BE313961CEF197C00C20996 /* ImageDetailPresenter.swift */; };
		5BE313A61CEF197C00C20996 /* ImageDetailRouter.swift in Sources */ = {isa = PBXBuildFile; fileRef = 5BE313971CEF197C00C20996 /* ImageDetailRouter.swift */; };
		5BE313A71CEF197C00C20996 /* ImageDetailRouter.swift in Sources */ = {isa = PBXBuildFile; fileRef = 5BE313971CEF197C00C20996 /* ImageDetailRouter.swift */; };
		5BE313A91CEF197C00C20996 /* ImageDetailViewController.swift in Sources */ = {isa = PBXBuildFile; fileRef = 5BE313981CEF197C00C20996 /* ImageDetailViewController.swift */; };
		5BE313BE1CEF1C8A00C20996 /* ImageDetailInteractorTests.swift in Sources */ = {isa = PBXBuildFile; fileRef = 5BE313B91CEF1C8A00C20996 /* ImageDetailInteractorTests.swift */; };
		5BE313C01CEF1C8A00C20996 /* ImageDetailPresenterTests.swift in Sources */ = {isa = PBXBuildFile; fileRef = 5BE313BA1CEF1C8A00C20996 /* ImageDetailPresenterTests.swift */; };
		5BE313C21CEF1C8A00C20996 /* ImageDetailViewControllerTests.swift in Sources */ = {isa = PBXBuildFile; fileRef = 5BE313BB1CEF1C8A00C20996 /* ImageDetailViewControllerTests.swift */; };
		5BE313C81CEF2AD400C20996 /* FetchImageWorker.swift in Sources */ = {isa = PBXBuildFile; fileRef = 5BE313C71CEF2AD400C20996 /* FetchImageWorker.swift */; };
		5BE313C91CEF2AD400C20996 /* FetchImageWorker.swift in Sources */ = {isa = PBXBuildFile; fileRef = 5BE313C71CEF2AD400C20996 /* FetchImageWorker.swift */; };
		D8D2CA701E64467200004AB5 /* GDMarginLabel.swift in Sources */ = {isa = PBXBuildFile; fileRef = D8D2CA6B1E64467200004AB5 /* GDMarginLabel.swift */; };
		D8D2CA711E64467200004AB5 /* GDMarginLabel.swift in Sources */ = {isa = PBXBuildFile; fileRef = D8D2CA6B1E64467200004AB5 /* GDMarginLabel.swift */; };
		D8D2CA721E64467200004AB5 /* GDPerformanceMonitor.swift in Sources */ = {isa = PBXBuildFile; fileRef = D8D2CA6C1E64467200004AB5 /* GDPerformanceMonitor.swift */; };
		D8D2CA731E64467200004AB5 /* GDPerformanceMonitor.swift in Sources */ = {isa = PBXBuildFile; fileRef = D8D2CA6C1E64467200004AB5 /* GDPerformanceMonitor.swift */; };
		D8D2CA741E64467200004AB5 /* GDPerformanceMonitorDelegate.swift in Sources */ = {isa = PBXBuildFile; fileRef = D8D2CA6D1E64467200004AB5 /* GDPerformanceMonitorDelegate.swift */; };
		D8D2CA751E64467300004AB5 /* GDPerformanceMonitorDelegate.swift in Sources */ = {isa = PBXBuildFile; fileRef = D8D2CA6D1E64467200004AB5 /* GDPerformanceMonitorDelegate.swift */; };
		D8D2CA761E64467300004AB5 /* GDPerformanceView.swift in Sources */ = {isa = PBXBuildFile; fileRef = D8D2CA6E1E64467200004AB5 /* GDPerformanceView.swift */; };
		D8D2CA771E64467300004AB5 /* GDPerformanceView.swift in Sources */ = {isa = PBXBuildFile; fileRef = D8D2CA6E1E64467200004AB5 /* GDPerformanceView.swift */; };
		D8D2CA781E64467300004AB5 /* GDWindowViewController.swift in Sources */ = {isa = PBXBuildFile; fileRef = D8D2CA6F1E64467200004AB5 /* GDWindowViewController.swift */; };
		D8D2CA791E64467300004AB5 /* GDWindowViewController.swift in Sources */ = {isa = PBXBuildFile; fileRef = D8D2CA6F1E64467200004AB5 /* GDWindowViewController.swift */; };
		E996EB4C07E17CF9702C31FC /* Pods_PhotoRoll.framework in Frameworks */ = {isa = PBXBuildFile; fileRef = FE64EE8A41CF2A21D52FAACA /* Pods_PhotoRoll.framework */; };
/* End PBXBuildFile section */

/* Begin PBXContainerItemProxy section */
		5B9010571C99913F00796561 /* PBXContainerItemProxy */ = {
			isa = PBXContainerItemProxy;
			containerPortal = 5B9010371C99913E00796561 /* Project object */;
			proxyType = 1;
			remoteGlobalIDString = 5B90103E1C99913E00796561;
			remoteInfo = PhotoRoll;
		};
		5B9010621C99913F00796561 /* PBXContainerItemProxy */ = {
			isa = PBXContainerItemProxy;
			containerPortal = 5B9010371C99913E00796561 /* Project object */;
			proxyType = 1;
			remoteGlobalIDString = 5B90103E1C99913E00796561;
			remoteInfo = PhotoRoll;
		};
/* End PBXContainerItemProxy section */

/* Begin PBXFileReference section */
		450550BE1DAD0BB400918DF7 /* SwipeInteractionController.swift */ = {isa = PBXFileReference; fileEncoding = 4; lastKnownFileType = sourcecode.swift; path = SwipeInteractionController.swift; sourceTree = "<group>"; };
		45453FBD1E701B7600AB096E /* ImageDetailViewController+ImageTransition.swift */ = {isa = PBXFileReference; fileEncoding = 4; lastKnownFileType = sourcecode.swift; path = "ImageDetailViewController+ImageTransition.swift"; sourceTree = "<group>"; };
		45453FC11E701BF800AB096E /* TimelineCollectionViewController+ImageTransition.swift */ = {isa = PBXFileReference; fileEncoding = 4; lastKnownFileType = sourcecode.swift; name = "TimelineCollectionViewController+ImageTransition.swift"; path = "PhotosTimeline/TimelineCollectionViewController+ImageTransition.swift"; sourceTree = "<group>"; };
		45463F931E66D20A00FA65ED /* ImageDownloader.swift */ = {isa = PBXFileReference; fileEncoding = 4; lastKnownFileType = sourcecode.swift; name = ImageDownloader.swift; path = Utils/ImageDownloader.swift; sourceTree = "<group>"; };
		45463F961E66D9DD00FA65ED /* UIImageViewExtensions.swift */ = {isa = PBXFileReference; fileEncoding = 4; lastKnownFileType = sourcecode.swift; name = UIImageViewExtensions.swift; path = Utils/Extensions/UIImageViewExtensions.swift; sourceTree = "<group>"; };
		454AA8CC1E784308007BD6F2 /* UIColorExtensions.swift */ = {isa = PBXFileReference; fileEncoding = 4; lastKnownFileType = sourcecode.swift; name = UIColorExtensions.swift; path = Utils/Extensions/UIColorExtensions.swift; sourceTree = "<group>"; };
		4565BFAE1E8957C90035E195 /* UIPanGestureRecognizerExtensions.swift */ = {isa = PBXFileReference; fileEncoding = 4; lastKnownFileType = sourcecode.swift; name = UIPanGestureRecognizerExtensions.swift; path = Utils/Extensions/UIPanGestureRecognizerExtensions.swift; sourceTree = "<group>"; };
		4565BFB11E8BEC980035E195 /* BenchmarkTimer.swift */ = {isa = PBXFileReference; fileEncoding = 4; lastKnownFileType = sourcecode.swift; name = BenchmarkTimer.swift; path = Utils/Timer/BenchmarkTimer.swift; sourceTree = "<group>"; };
		4595A6711E715FBF009B80AD /* ImageDetailViewController+UIScrollView.swift */ = {isa = PBXFileReference; fileEncoding = 4; lastKnownFileType = sourcecode.swift; path = "ImageDetailViewController+UIScrollView.swift"; sourceTree = "<group>"; };
		5B3F5A0E1CFC7CF6004B4F23 /* ImageTransitioning.swift */ = {isa = PBXFileReference; fileEncoding = 4; lastKnownFileType = sourcecode.swift; name = ImageTransitioning.swift; path = Utils/ZoomTransitioning/ImageTransitioning.swift; sourceTree = "<group>"; };
		5B3FB3271CECACFB00035A4E /* PhotoImageCollectionViewCell.swift */ = {isa = PBXFileReference; fileEncoding = 4; lastKnownFileType = sourcecode.swift; name = PhotoImageCollectionViewCell.swift; path = PhotosTimeline/Cells/PhotoImageCollectionViewCell.swift; sourceTree = "<group>"; };
		5B3FB32C1CECB36C00035A4E /* ImageCache.swift */ = {isa = PBXFileReference; fileEncoding = 4; lastKnownFileType = sourcecode.swift; name = ImageCache.swift; path = Utils/ImageDownloader/ImageCache.swift; sourceTree = "<group>"; };
		5B3FB3311CECCC1300035A4E /* TimelineCollectionGridLayout.swift */ = {isa = PBXFileReference; fileEncoding = 4; lastKnownFileType = sourcecode.swift; name = TimelineCollectionGridLayout.swift; path = Utils/CollectionViewGridLayout/TimelineCollectionGridLayout.swift; sourceTree = "<group>"; };
		5B610A4F1CFC55CB00646828 /* ImageUtils.swift */ = {isa = PBXFileReference; fileEncoding = 4; lastKnownFileType = sourcecode.swift; name = ImageUtils.swift; path = Utils/ImageUtils/ImageUtils.swift; sourceTree = "<group>"; };
		5B8E856C1CAAA10800641C58 /* Decoders.swift */ = {isa = PBXFileReference; fileEncoding = 4; lastKnownFileType = sourcecode.swift; name = Decoders.swift; path = Utils/Decoders.swift; sourceTree = "<group>"; };
		5B90103F1C99913E00796561 /* PhotoRoll.app */ = {isa = PBXFileReference; explicitFileType = wrapper.application; includeInIndex = 0; path = PhotoRoll.app; sourceTree = BUILT_PRODUCTS_DIR; };
		5B9010421C99913F00796561 /* AppDelegate.swift */ = {isa = PBXFileReference; lastKnownFileType = sourcecode.swift; path = AppDelegate.swift; sourceTree = "<group>"; };
		5B9010471C99913F00796561 /* Base */ = {isa = PBXFileReference; lastKnownFileType = file.storyboard; name = Base; path = Base.lproj/Main.storyboard; sourceTree = "<group>"; };
		5B90104A1C99913F00796561 /* PhotoRoll.xcdatamodel */ = {isa = PBXFileReference; lastKnownFileType = wrapper.xcdatamodel; path = PhotoRoll.xcdatamodel; sourceTree = "<group>"; };
		5B90104C1C99913F00796561 /* Assets.xcassets */ = {isa = PBXFileReference; lastKnownFileType = folder.assetcatalog; path = Assets.xcassets; sourceTree = "<group>"; };
		5B90104F1C99913F00796561 /* Base */ = {isa = PBXFileReference; lastKnownFileType = file.storyboard; name = Base; path = Base.lproj/LaunchScreen.storyboard; sourceTree = "<group>"; };
		5B9010511C99913F00796561 /* Info.plist */ = {isa = PBXFileReference; lastKnownFileType = text.plist.xml; path = Info.plist; sourceTree = "<group>"; };
		5B9010561C99913F00796561 /* PhotoRollTests.xctest */ = {isa = PBXFileReference; explicitFileType = wrapper.cfbundle; includeInIndex = 0; path = PhotoRollTests.xctest; sourceTree = BUILT_PRODUCTS_DIR; };
		5B90105A1C99913F00796561 /* PhotoRollTests.swift */ = {isa = PBXFileReference; lastKnownFileType = sourcecode.swift; path = PhotoRollTests.swift; sourceTree = "<group>"; };
		5B90105C1C99913F00796561 /* Info.plist */ = {isa = PBXFileReference; lastKnownFileType = text.plist.xml; path = Info.plist; sourceTree = "<group>"; };
		5B9010611C99913F00796561 /* PhotoRollUITests.xctest */ = {isa = PBXFileReference; explicitFileType = wrapper.cfbundle; includeInIndex = 0; path = PhotoRollUITests.xctest; sourceTree = BUILT_PRODUCTS_DIR; };
		5B9010651C99913F00796561 /* PhotoRollUITests.swift */ = {isa = PBXFileReference; lastKnownFileType = sourcecode.swift; path = PhotoRollUITests.swift; sourceTree = "<group>"; };
		5B9010671C99913F00796561 /* Info.plist */ = {isa = PBXFileReference; lastKnownFileType = text.plist.xml; path = Info.plist; sourceTree = "<group>"; };
		5B9010761C99A9A300796561 /* PhotosTimelineConfigurator.swift */ = {isa = PBXFileReference; fileEncoding = 4; lastKnownFileType = sourcecode.swift; name = PhotosTimelineConfigurator.swift; path = PhotosTimeline/PhotosTimelineConfigurator.swift; sourceTree = "<group>"; };
		5B9010771C99A9A300796561 /* PhotosTimelineInteractor.swift */ = {isa = PBXFileReference; fileEncoding = 4; lastKnownFileType = sourcecode.swift; name = PhotosTimelineInteractor.swift; path = PhotosTimeline/PhotosTimelineInteractor.swift; sourceTree = "<group>"; };
		5B9010781C99A9A300796561 /* PhotosTimelineModels.swift */ = {isa = PBXFileReference; fileEncoding = 4; lastKnownFileType = sourcecode.swift; name = PhotosTimelineModels.swift; path = PhotosTimeline/PhotosTimelineModels.swift; sourceTree = "<group>"; };
		5B9010791C99A9A300796561 /* PhotosTimelinePresenter.swift */ = {isa = PBXFileReference; fileEncoding = 4; lastKnownFileType = sourcecode.swift; name = PhotosTimelinePresenter.swift; path = PhotosTimeline/PhotosTimelinePresenter.swift; sourceTree = "<group>"; };
		5B90107A1C99A9A300796561 /* PhotosTimelineRouter.swift */ = {isa = PBXFileReference; fileEncoding = 4; lastKnownFileType = sourcecode.swift; name = PhotosTimelineRouter.swift; path = PhotosTimeline/PhotosTimelineRouter.swift; sourceTree = "<group>"; };
		5B9010861C99AA6F00796561 /* BaseClientAPI.swift */ = {isa = PBXFileReference; fileEncoding = 4; lastKnownFileType = sourcecode.swift; name = BaseClientAPI.swift; path = HTTPClient/BaseClientAPI.swift; sourceTree = "<group>"; };
		5B90108B1C99AAC000796561 /* StringExtensions.swift */ = {isa = PBXFileReference; fileEncoding = 4; lastKnownFileType = sourcecode.swift; name = StringExtensions.swift; path = Utils/StringExtensions.swift; sourceTree = "<group>"; };
		5B9010901C99AB8A00796561 /* APIModels.swift */ = {isa = PBXFileReference; fileEncoding = 4; lastKnownFileType = sourcecode.swift; name = APIModels.swift; path = HTTPClient/APIModels/APIModels.swift; sourceTree = "<group>"; };
		5B90109E1C9AADAC00796561 /* ClientPhotos.swift */ = {isa = PBXFileReference; fileEncoding = 4; lastKnownFileType = sourcecode.swift; name = ClientPhotos.swift; path = HTTPClient/500px/ClientFiveHundredPxPhotos/ClientPhotos.swift; sourceTree = "<group>"; };
		5B9010A31C9ACEFC00796561 /* PhotosTimelineInteractorTests.swift */ = {isa = PBXFileReference; fileEncoding = 4; lastKnownFileType = sourcecode.swift; name = PhotosTimelineInteractorTests.swift; path = PhotosTimeline/PhotosTimelineInteractorTests.swift; sourceTree = "<group>"; };
		5B9010A41C9ACEFC00796561 /* PhotosTimelinePresenterTests.swift */ = {isa = PBXFileReference; fileEncoding = 4; lastKnownFileType = sourcecode.swift; name = PhotosTimelinePresenterTests.swift; path = PhotosTimeline/PhotosTimelinePresenterTests.swift; sourceTree = "<group>"; };
		5B9010A51C9ACEFC00796561 /* PhotosTimelineViewControllerTests.swift */ = {isa = PBXFileReference; fileEncoding = 4; lastKnownFileType = sourcecode.swift; name = PhotosTimelineViewControllerTests.swift; path = PhotosTimeline/PhotosTimelineViewControllerTests.swift; sourceTree = "<group>"; };
		5B9010BD1C9AE36900796561 /* FetchMediaWorker.swift */ = {isa = PBXFileReference; fileEncoding = 4; lastKnownFileType = sourcecode.swift; name = FetchMediaWorker.swift; path = PhotosTimeline/Workers/FetchMediaWorker.swift; sourceTree = "<group>"; };
		5BA2506F1CBFB303005F59AD /* TimelineCollectionViewController.swift */ = {isa = PBXFileReference; fileEncoding = 4; lastKnownFileType = sourcecode.swift; name = TimelineCollectionViewController.swift; path = PhotosTimeline/TimelineCollectionViewController.swift; sourceTree = "<group>"; };
		5BE313931CEF197C00C20996 /* ImageDetailConfigurator.swift */ = {isa = PBXFileReference; fileEncoding = 4; lastKnownFileType = sourcecode.swift; name = ImageDetailConfigurator.swift; path = ImageDetail/ImageDetailConfigurator.swift; sourceTree = "<group>"; };
		5BE313941CEF197C00C20996 /* ImageDetailInteractor.swift */ = {isa = PBXFileReference; fileEncoding = 4; lastKnownFileType = sourcecode.swift; name = ImageDetailInteractor.swift; path = ImageDetail/ImageDetailInteractor.swift; sourceTree = "<group>"; };
		5BE313951CEF197C00C20996 /* ImageDetailModels.swift */ = {isa = PBXFileReference; fileEncoding = 4; lastKnownFileType = sourcecode.swift; name = ImageDetailModels.swift; path = ImageDetail/ImageDetailModels.swift; sourceTree = "<group>"; };
		5BE313961CEF197C00C20996 /* ImageDetailPresenter.swift */ = {isa = PBXFileReference; fileEncoding = 4; lastKnownFileType = sourcecode.swift; name = ImageDetailPresenter.swift; path = ImageDetail/ImageDetailPresenter.swift; sourceTree = "<group>"; };
		5BE313971CEF197C00C20996 /* ImageDetailRouter.swift */ = {isa = PBXFileReference; fileEncoding = 4; lastKnownFileType = sourcecode.swift; name = ImageDetailRouter.swift; path = ImageDetail/ImageDetailRouter.swift; sourceTree = "<group>"; };
		5BE313981CEF197C00C20996 /* ImageDetailViewController.swift */ = {isa = PBXFileReference; fileEncoding = 4; lastKnownFileType = sourcecode.swift; name = ImageDetailViewController.swift; path = ImageDetail/ImageDetailViewController.swift; sourceTree = "<group>"; };
		5BE313B91CEF1C8A00C20996 /* ImageDetailInteractorTests.swift */ = {isa = PBXFileReference; fileEncoding = 4; lastKnownFileType = sourcecode.swift; name = ImageDetailInteractorTests.swift; path = PhotosTimeline/ImageDetail/ImageDetailInteractorTests.swift; sourceTree = "<group>"; };
		5BE313BA1CEF1C8A00C20996 /* ImageDetailPresenterTests.swift */ = {isa = PBXFileReference; fileEncoding = 4; lastKnownFileType = sourcecode.swift; name = ImageDetailPresenterTests.swift; path = PhotosTimeline/ImageDetail/ImageDetailPresenterTests.swift; sourceTree = "<group>"; };
		5BE313BB1CEF1C8A00C20996 /* ImageDetailViewControllerTests.swift */ = {isa = PBXFileReference; fileEncoding = 4; lastKnownFileType = sourcecode.swift; name = ImageDetailViewControllerTests.swift; path = PhotosTimeline/ImageDetail/ImageDetailViewControllerTests.swift; sourceTree = "<group>"; };
		5BE313C71CEF2AD400C20996 /* FetchImageWorker.swift */ = {isa = PBXFileReference; fileEncoding = 4; lastKnownFileType = sourcecode.swift; name = FetchImageWorker.swift; path = ImageDetail/Workers/FetchImageWorker.swift; sourceTree = "<group>"; };
		898E49CCFCA910986FD77488 /* Pods-PhotoRollTests.debug.xcconfig */ = {isa = PBXFileReference; includeInIndex = 1; lastKnownFileType = text.xcconfig; name = "Pods-PhotoRollTests.debug.xcconfig"; path = "Pods/Target Support Files/Pods-PhotoRollTests/Pods-PhotoRollTests.debug.xcconfig"; sourceTree = "<group>"; };
		AD677C8D2C30112C7C9B6C8C /* Pods-PhotoRollUITests.debug.xcconfig */ = {isa = PBXFileReference; includeInIndex = 1; lastKnownFileType = text.xcconfig; name = "Pods-PhotoRollUITests.debug.xcconfig"; path = "Pods/Target Support Files/Pods-PhotoRollUITests/Pods-PhotoRollUITests.debug.xcconfig"; sourceTree = "<group>"; };
		CBD1C981B0BDC90FC0BCE267 /* Pods_PhotoRollUITests.framework */ = {isa = PBXFileReference; explicitFileType = wrapper.framework; includeInIndex = 0; path = Pods_PhotoRollUITests.framework; sourceTree = BUILT_PRODUCTS_DIR; };
		D3513D604CD6D4D6FBE97CFD /* Pods_PhotoRollTests.framework */ = {isa = PBXFileReference; explicitFileType = wrapper.framework; includeInIndex = 0; path = Pods_PhotoRollTests.framework; sourceTree = BUILT_PRODUCTS_DIR; };
		D3838EC79343F96F8959DE09 /* Pods-PhotoRollTests.release.xcconfig */ = {isa = PBXFileReference; includeInIndex = 1; lastKnownFileType = text.xcconfig; name = "Pods-PhotoRollTests.release.xcconfig"; path = "Pods/Target Support Files/Pods-PhotoRollTests/Pods-PhotoRollTests.release.xcconfig"; sourceTree = "<group>"; };
		D8D2CA6B1E64467200004AB5 /* GDMarginLabel.swift */ = {isa = PBXFileReference; fileEncoding = 4; lastKnownFileType = sourcecode.swift; name = GDMarginLabel.swift; path = GDPerformanceMonitoring/GDMarginLabel.swift; sourceTree = "<group>"; };
		D8D2CA6C1E64467200004AB5 /* GDPerformanceMonitor.swift */ = {isa = PBXFileReference; fileEncoding = 4; lastKnownFileType = sourcecode.swift; name = GDPerformanceMonitor.swift; path = GDPerformanceMonitoring/GDPerformanceMonitor.swift; sourceTree = "<group>"; };
		D8D2CA6D1E64467200004AB5 /* GDPerformanceMonitorDelegate.swift */ = {isa = PBXFileReference; fileEncoding = 4; lastKnownFileType = sourcecode.swift; name = GDPerformanceMonitorDelegate.swift; path = GDPerformanceMonitoring/GDPerformanceMonitorDelegate.swift; sourceTree = "<group>"; };
		D8D2CA6E1E64467200004AB5 /* GDPerformanceView.swift */ = {isa = PBXFileReference; fileEncoding = 4; lastKnownFileType = sourcecode.swift; name = GDPerformanceView.swift; path = GDPerformanceMonitoring/GDPerformanceView.swift; sourceTree = "<group>"; };
		D8D2CA6F1E64467200004AB5 /* GDWindowViewController.swift */ = {isa = PBXFileReference; fileEncoding = 4; lastKnownFileType = sourcecode.swift; name = GDWindowViewController.swift; path = GDPerformanceMonitoring/GDWindowViewController.swift; sourceTree = "<group>"; };
		E4607D30E7E6E14BEE93C13C /* Pods-PhotoRoll.release.xcconfig */ = {isa = PBXFileReference; includeInIndex = 1; lastKnownFileType = text.xcconfig; name = "Pods-PhotoRoll.release.xcconfig"; path = "Pods/Target Support Files/Pods-PhotoRoll/Pods-PhotoRoll.release.xcconfig"; sourceTree = "<group>"; };
		EEE4B27E159BF2BE15EBCD85 /* Pods-PhotoRoll.debug.xcconfig */ = {isa = PBXFileReference; includeInIndex = 1; lastKnownFileType = text.xcconfig; name = "Pods-PhotoRoll.debug.xcconfig"; path = "Pods/Target Support Files/Pods-PhotoRoll/Pods-PhotoRoll.debug.xcconfig"; sourceTree = "<group>"; };
		F8AA02ED98C169398F74CE20 /* Pods-PhotoRollUITests.release.xcconfig */ = {isa = PBXFileReference; includeInIndex = 1; lastKnownFileType = text.xcconfig; name = "Pods-PhotoRollUITests.release.xcconfig"; path = "Pods/Target Support Files/Pods-PhotoRollUITests/Pods-PhotoRollUITests.release.xcconfig"; sourceTree = "<group>"; };
		FE64EE8A41CF2A21D52FAACA /* Pods_PhotoRoll.framework */ = {isa = PBXFileReference; explicitFileType = wrapper.framework; includeInIndex = 0; path = Pods_PhotoRoll.framework; sourceTree = BUILT_PRODUCTS_DIR; };
/* End PBXFileReference section */

/* Begin PBXFrameworksBuildPhase section */
		5B90103C1C99913E00796561 /* Frameworks */ = {
			isa = PBXFrameworksBuildPhase;
			buildActionMask = 2147483647;
			files = (
				E996EB4C07E17CF9702C31FC /* Pods_PhotoRoll.framework in Frameworks */,
			);
			runOnlyForDeploymentPostprocessing = 0;
		};
		5B9010531C99913F00796561 /* Frameworks */ = {
			isa = PBXFrameworksBuildPhase;
			buildActionMask = 2147483647;
			files = (
				260CA82C78ECAD23C24C0407 /* Pods_PhotoRollTests.framework in Frameworks */,
			);
			runOnlyForDeploymentPostprocessing = 0;
		};
		5B90105E1C99913F00796561 /* Frameworks */ = {
			isa = PBXFrameworksBuildPhase;
			buildActionMask = 2147483647;
			files = (
				325E4533A28060DC5D2ED1C3 /* Pods_PhotoRollUITests.framework in Frameworks */,
			);
			runOnlyForDeploymentPostprocessing = 0;
		};
/* End PBXFrameworksBuildPhase section */

/* Begin PBXGroup section */
		45463F951E66D74100FA65ED /* Extensions */ = {
			isa = PBXGroup;
			children = (
				454AA8CA1E7842EB007BD6F2 /* UIKit */,
			);
			name = Extensions;
			sourceTree = "<group>";
		};
		454AA8CA1E7842EB007BD6F2 /* UIKit */ = {
			isa = PBXGroup;
			children = (
				4565BFAD1E8957B80035E195 /* UIGestures */,
				454AA8CB1E7842F7007BD6F2 /* UIColor */,
				45463F961E66D9DD00FA65ED /* UIImageViewExtensions.swift */,
			);
			name = UIKit;
			sourceTree = "<group>";
		};
		454AA8CB1E7842F7007BD6F2 /* UIColor */ = {
			isa = PBXGroup;
			children = (
				454AA8CC1E784308007BD6F2 /* UIColorExtensions.swift */,
			);
			name = UIColor;
			sourceTree = "<group>";
		};
		4565BFAD1E8957B80035E195 /* UIGestures */ = {
			isa = PBXGroup;
			children = (
				4565BFAE1E8957C90035E195 /* UIPanGestureRecognizerExtensions.swift */,
			);
			name = UIGestures;
			sourceTree = "<group>";
		};
		4565BFB01E8BEC820035E195 /* Timer */ = {
			isa = PBXGroup;
			children = (
				4565BFB11E8BEC980035E195 /* BenchmarkTimer.swift */,
			);
			name = Timer;
			sourceTree = "<group>";
		};
		4D1853A1F8F306395E59D788 /* Frameworks */ = {
			isa = PBXGroup;
			children = (
				FE64EE8A41CF2A21D52FAACA /* Pods_PhotoRoll.framework */,
				D3513D604CD6D4D6FBE97CFD /* Pods_PhotoRollTests.framework */,
				CBD1C981B0BDC90FC0BCE267 /* Pods_PhotoRollUITests.framework */,
			);
			name = Frameworks;
			sourceTree = "<group>";
		};
		5B3F5A111CFC8181004B4F23 /* ZoomTransitioning */ = {
			isa = PBXGroup;
			children = (
				5B3F5A0E1CFC7CF6004B4F23 /* ImageTransitioning.swift */,
				450550BE1DAD0BB400918DF7 /* SwipeInteractionController.swift */,
			);
			name = ZoomTransitioning;
			sourceTree = "<group>";
		};
		5B3FB3261CECACC400035A4E /* Cells */ = {
			isa = PBXGroup;
			children = (
				5B3FB3271CECACFB00035A4E /* PhotoImageCollectionViewCell.swift */,
			);
			name = Cells;
			sourceTree = "<group>";
		};
		5B3FB32B1CECB33D00035A4E /* ImageDownloader */ = {
			isa = PBXGroup;
			children = (
				45463F931E66D20A00FA65ED /* ImageDownloader.swift */,
				5B3FB32C1CECB36C00035A4E /* ImageCache.swift */,
			);
			name = ImageDownloader;
			sourceTree = "<group>";
		};
		5B3FB3301CECCBDC00035A4E /* CollectionViewGridLayout */ = {
			isa = PBXGroup;
			children = (
				5B3FB3311CECCC1300035A4E /* TimelineCollectionGridLayout.swift */,
			);
			name = CollectionViewGridLayout;
			sourceTree = "<group>";
		};
		5B610A4E1CFC55AA00646828 /* ImageUtils */ = {
			isa = PBXGroup;
			children = (
				5B610A4F1CFC55CB00646828 /* ImageUtils.swift */,
			);
			name = ImageUtils;
			sourceTree = "<group>";
		};
		5B9010361C99913E00796561 = {
			isa = PBXGroup;
			children = (
				5B9010411C99913E00796561 /* PhotoRoll */,
				5B9010591C99913F00796561 /* PhotoRollTests */,
				5B9010641C99913F00796561 /* PhotoRollUITests */,
				5B9010401C99913E00796561 /* Products */,
				4D1853A1F8F306395E59D788 /* Frameworks */,
				AB4CCAF271FC305F402C89A8 /* Pods */,
			);
			sourceTree = "<group>";
		};
		5B9010401C99913E00796561 /* Products */ = {
			isa = PBXGroup;
			children = (
				5B90103F1C99913E00796561 /* PhotoRoll.app */,
				5B9010561C99913F00796561 /* PhotoRollTests.xctest */,
				5B9010611C99913F00796561 /* PhotoRollUITests.xctest */,
			);
			name = Products;
			sourceTree = "<group>";
		};
		5B9010411C99913E00796561 /* PhotoRoll */ = {
			isa = PBXGroup;
			children = (
				5B90108A1C99AAAA00796561 /* Utils */,
				5B9010851C99AA3700796561 /* HTTPClient */,
				5BE313761CEDC99B00C20996 /* Classes */,
				5B9010741C99918300796561 /* Resources */,
				5B9010731C99915D00796561 /* Main */,
				5B9010491C99913F00796561 /* PhotoRoll.xcdatamodeld */,
			);
			path = PhotoRoll;
			sourceTree = "<group>";
		};
		5B9010591C99913F00796561 /* PhotoRollTests */ = {
			isa = PBXGroup;
			children = (
				5BE313B01CEF1C1800C20996 /* ImageDetail */,
				5B9010A21C9ACED100796561 /* PhotosTimeline */,
				5B90105A1C99913F00796561 /* PhotoRollTests.swift */,
				5B90105C1C99913F00796561 /* Info.plist */,
			);
			path = PhotoRollTests;
			sourceTree = "<group>";
		};
		5B9010641C99913F00796561 /* PhotoRollUITests */ = {
			isa = PBXGroup;
			children = (
				5B9010651C99913F00796561 /* PhotoRollUITests.swift */,
				5B9010671C99913F00796561 /* Info.plist */,
			);
			path = PhotoRollUITests;
			sourceTree = "<group>";
		};
		5B9010731C99915D00796561 /* Main */ = {
			isa = PBXGroup;
			children = (
				5B9010421C99913F00796561 /* AppDelegate.swift */,
				5B9010461C99913F00796561 /* Main.storyboard */,
			);
			name = Main;
			sourceTree = "<group>";
		};
		5B9010741C99918300796561 /* Resources */ = {
			isa = PBXGroup;
			children = (
				D8D2CA671E64451800004AB5 /* Frameworks */,
				5B90104C1C99913F00796561 /* Assets.xcassets */,
				5B9010511C99913F00796561 /* Info.plist */,
				5B90104E1C99913F00796561 /* LaunchScreen.storyboard */,
			);
			name = Resources;
			sourceTree = "<group>";
		};
		5B9010751C99A97800796561 /* Timeline */ = {
			isa = PBXGroup;
			children = (
				5B3FB3261CECACC400035A4E /* Cells */,
				5B9010841C99A9A800796561 /* Others */,
				5B9010771C99A9A300796561 /* PhotosTimelineInteractor.swift */,
				5B9010791C99A9A300796561 /* PhotosTimelinePresenter.swift */,
				5BA2506F1CBFB303005F59AD /* TimelineCollectionViewController.swift */,
				45453FC11E701BF800AB096E /* TimelineCollectionViewController+ImageTransition.swift */,
			);
			name = Timeline;
			sourceTree = "<group>";
		};
		5B9010841C99A9A800796561 /* Others */ = {
			isa = PBXGroup;
			children = (
				5B9010BC1C9AE33400796561 /* Workers */,
				5B9010781C99A9A300796561 /* PhotosTimelineModels.swift */,
				5B90107A1C99A9A300796561 /* PhotosTimelineRouter.swift */,
				5B9010761C99A9A300796561 /* PhotosTimelineConfigurator.swift */,
			);
			name = Others;
			sourceTree = "<group>";
		};
		5B9010851C99AA3700796561 /* HTTPClient */ = {
			isa = PBXGroup;
			children = (
				5B9010991C99C5B800796561 /* 500px */,
				5B9010941C99AC1C00796561 /* Instagram */,
				5B90108F1C99AB6E00796561 /* APIModels */,
				5B9010861C99AA6F00796561 /* BaseClientAPI.swift */,
			);
			name = HTTPClient;
			sourceTree = "<group>";
		};
		5B90108A1C99AAAA00796561 /* Utils */ = {
			isa = PBXGroup;
			children = (
				4565BFB01E8BEC820035E195 /* Timer */,
				45463F951E66D74100FA65ED /* Extensions */,
				5B3F5A111CFC8181004B4F23 /* ZoomTransitioning */,
				5B610A4E1CFC55AA00646828 /* ImageUtils */,
				5B3FB3301CECCBDC00035A4E /* CollectionViewGridLayout */,
				5B3FB32B1CECB33D00035A4E /* ImageDownloader */,
				5B90108B1C99AAC000796561 /* StringExtensions.swift */,
				5B8E856C1CAAA10800641C58 /* Decoders.swift */,
			);
			name = Utils;
			sourceTree = "<group>";
		};
		5B90108F1C99AB6E00796561 /* APIModels */ = {
			isa = PBXGroup;
			children = (
				5B9010901C99AB8A00796561 /* APIModels.swift */,
			);
			name = APIModels;
			sourceTree = "<group>";
		};
		5B9010941C99AC1C00796561 /* Instagram */ = {
			isa = PBXGroup;
			children = (
			);
			name = Instagram;
			sourceTree = "<group>";
		};
		5B9010991C99C5B800796561 /* 500px */ = {
			isa = PBXGroup;
			children = (
				5B90109E1C9AADAC00796561 /* ClientPhotos.swift */,
			);
			name = 500px;
			sourceTree = "<group>";
		};
		5B9010A21C9ACED100796561 /* PhotosTimeline */ = {
			isa = PBXGroup;
			children = (
				5B9010A41C9ACEFC00796561 /* PhotosTimelinePresenterTests.swift */,
				5B9010A31C9ACEFC00796561 /* PhotosTimelineInteractorTests.swift */,
				5B9010A51C9ACEFC00796561 /* PhotosTimelineViewControllerTests.swift */,
			);
			name = PhotosTimeline;
			sourceTree = "<group>";
		};
		5B9010BC1C9AE33400796561 /* Workers */ = {
			isa = PBXGroup;
			children = (
				5B9010BD1C9AE36900796561 /* FetchMediaWorker.swift */,
			);
			name = Workers;
			sourceTree = "<group>";
		};
		5BE313751CEDC95F00C20996 /* ImageDetail */ = {
			isa = PBXGroup;
			children = (
				5BE313AF1CEF198200C20996 /* Others */,
				5BE313961CEF197C00C20996 /* ImageDetailPresenter.swift */,
				5BE313941CEF197C00C20996 /* ImageDetailInteractor.swift */,
				5BE313981CEF197C00C20996 /* ImageDetailViewController.swift */,
				4595A6711E715FBF009B80AD /* ImageDetailViewController+UIScrollView.swift */,
				45453FBD1E701B7600AB096E /* ImageDetailViewController+ImageTransition.swift */,
			);
			name = ImageDetail;
			sourceTree = "<group>";
		};
		5BE313761CEDC99B00C20996 /* Classes */ = {
			isa = PBXGroup;
			children = (
				5BE313751CEDC95F00C20996 /* ImageDetail */,
				5B9010751C99A97800796561 /* Timeline */,
			);
			name = Classes;
			sourceTree = "<group>";
		};
		5BE313AF1CEF198200C20996 /* Others */ = {
			isa = PBXGroup;
			children = (
				5BE313C61CEF2AA800C20996 /* Workers */,
				5BE313931CEF197C00C20996 /* ImageDetailConfigurator.swift */,
				5BE313951CEF197C00C20996 /* ImageDetailModels.swift */,
				5BE313971CEF197C00C20996 /* ImageDetailRouter.swift */,
			);
			name = Others;
			sourceTree = "<group>";
		};
		5BE313B01CEF1C1800C20996 /* ImageDetail */ = {
			isa = PBXGroup;
			children = (
				5BE313BA1CEF1C8A00C20996 /* ImageDetailPresenterTests.swift */,
				5BE313B91CEF1C8A00C20996 /* ImageDetailInteractorTests.swift */,
				5BE313BB1CEF1C8A00C20996 /* ImageDetailViewControllerTests.swift */,
			);
			name = ImageDetail;
			sourceTree = "<group>";
		};
		5BE313C61CEF2AA800C20996 /* Workers */ = {
			isa = PBXGroup;
			children = (
				5BE313C71CEF2AD400C20996 /* FetchImageWorker.swift */,
			);
			name = Workers;
			sourceTree = "<group>";
		};
		AB4CCAF271FC305F402C89A8 /* Pods */ = {
			isa = PBXGroup;
			children = (
				EEE4B27E159BF2BE15EBCD85 /* Pods-PhotoRoll.debug.xcconfig */,
				E4607D30E7E6E14BEE93C13C /* Pods-PhotoRoll.release.xcconfig */,
				898E49CCFCA910986FD77488 /* Pods-PhotoRollTests.debug.xcconfig */,
				D3838EC79343F96F8959DE09 /* Pods-PhotoRollTests.release.xcconfig */,
				AD677C8D2C30112C7C9B6C8C /* Pods-PhotoRollUITests.debug.xcconfig */,
				F8AA02ED98C169398F74CE20 /* Pods-PhotoRollUITests.release.xcconfig */,
			);
			name = Pods;
			sourceTree = "<group>";
		};
		D8D2CA671E64451800004AB5 /* Frameworks */ = {
			isa = PBXGroup;
			children = (
				D8D2CA6A1E64465D00004AB5 /* GDPerformanceMonitoring */,
			);
			name = Frameworks;
			sourceTree = "<group>";
		};
		D8D2CA6A1E64465D00004AB5 /* GDPerformanceMonitoring */ = {
			isa = PBXGroup;
			children = (
				D8D2CA6B1E64467200004AB5 /* GDMarginLabel.swift */,
				D8D2CA6C1E64467200004AB5 /* GDPerformanceMonitor.swift */,
				D8D2CA6D1E64467200004AB5 /* GDPerformanceMonitorDelegate.swift */,
				D8D2CA6E1E64467200004AB5 /* GDPerformanceView.swift */,
				D8D2CA6F1E64467200004AB5 /* GDWindowViewController.swift */,
			);
			name = GDPerformanceMonitoring;
			sourceTree = "<group>";
		};
/* End PBXGroup section */

/* Begin PBXNativeTarget section */
		5B90103E1C99913E00796561 /* PhotoRoll */ = {
			isa = PBXNativeTarget;
			buildConfigurationList = 5B90106A1C99913F00796561 /* Build configuration list for PBXNativeTarget "PhotoRoll" */;
			buildPhases = (
				F0C1C39C8FA980A2644F20D8 /* [CP] Check Pods Manifest.lock */,
				5B90103B1C99913E00796561 /* Sources */,
				5B90103C1C99913E00796561 /* Frameworks */,
				5B90103D1C99913E00796561 /* Resources */,
				F427D52FA560741E9A06815C /* [CP] Embed Pods Frameworks */,
				36AC8A61BB49D80D27A6AE3A /* [CP] Copy Pods Resources */,
			);
			buildRules = (
			);
			dependencies = (
			);
			name = PhotoRoll;
			productName = PhotoRoll;
			productReference = 5B90103F1C99913E00796561 /* PhotoRoll.app */;
			productType = "com.apple.product-type.application";
		};
		5B9010551C99913F00796561 /* PhotoRollTests */ = {
			isa = PBXNativeTarget;
			buildConfigurationList = 5B90106D1C99913F00796561 /* Build configuration list for PBXNativeTarget "PhotoRollTests" */;
			buildPhases = (
				6DDA2F3E3D50E9413B7C4735 /* [CP] Check Pods Manifest.lock */,
				5B9010521C99913F00796561 /* Sources */,
				5B9010531C99913F00796561 /* Frameworks */,
				5B9010541C99913F00796561 /* Resources */,
				3C58C6085F041855EB0A0BC4 /* [CP] Embed Pods Frameworks */,
				6B821766E9EBD7B47B1D975D /* [CP] Copy Pods Resources */,
			);
			buildRules = (
			);
			dependencies = (
				5B9010581C99913F00796561 /* PBXTargetDependency */,
			);
			name = PhotoRollTests;
			productName = PhotoRollTests;
			productReference = 5B9010561C99913F00796561 /* PhotoRollTests.xctest */;
			productType = "com.apple.product-type.bundle.unit-test";
		};
		5B9010601C99913F00796561 /* PhotoRollUITests */ = {
			isa = PBXNativeTarget;
			buildConfigurationList = 5B9010701C99913F00796561 /* Build configuration list for PBXNativeTarget "PhotoRollUITests" */;
			buildPhases = (
				DA31EB9EEB54CAFD4908E8DE /* [CP] Check Pods Manifest.lock */,
				5B90105D1C99913F00796561 /* Sources */,
				5B90105E1C99913F00796561 /* Frameworks */,
				5B90105F1C99913F00796561 /* Resources */,
				BCA46EB35EBFC3C6D45F812A /* [CP] Embed Pods Frameworks */,
				09057159A1B377B38FC60CBE /* [CP] Copy Pods Resources */,
			);
			buildRules = (
			);
			dependencies = (
				5B9010631C99913F00796561 /* PBXTargetDependency */,
			);
			name = PhotoRollUITests;
			productName = PhotoRollUITests;
			productReference = 5B9010611C99913F00796561 /* PhotoRollUITests.xctest */;
			productType = "com.apple.product-type.bundle.ui-testing";
		};
/* End PBXNativeTarget section */

/* Begin PBXProject section */
		5B9010371C99913E00796561 /* Project object */ = {
			isa = PBXProject;
			attributes = {
				LastSwiftUpdateCheck = 0720;
				LastUpgradeCheck = 0800;
				ORGANIZATIONNAME = "Francisco Jose ";
				TargetAttributes = {
					5B90103E1C99913E00796561 = {
						CreatedOnToolsVersion = 7.2;
						DevelopmentTeam = 22C8A495ZU;
						LastSwiftMigration = 0800;
					};
					5B9010551C99913F00796561 = {
						CreatedOnToolsVersion = 7.2;
						LastSwiftMigration = 0800;
						TestTargetID = 5B90103E1C99913E00796561;
					};
					5B9010601C99913F00796561 = {
						CreatedOnToolsVersion = 7.2;
						LastSwiftMigration = 0800;
						TestTargetID = 5B90103E1C99913E00796561;
					};
				};
			};
			buildConfigurationList = 5B90103A1C99913E00796561 /* Build configuration list for PBXProject "PhotoRoll" */;
			compatibilityVersion = "Xcode 3.2";
			developmentRegion = English;
			hasScannedForEncodings = 0;
			knownRegions = (
				en,
				Base,
			);
			mainGroup = 5B9010361C99913E00796561;
			productRefGroup = 5B9010401C99913E00796561 /* Products */;
			projectDirPath = "";
			projectRoot = "";
			targets = (
				5B90103E1C99913E00796561 /* PhotoRoll */,
				5B9010551C99913F00796561 /* PhotoRollTests */,
				5B9010601C99913F00796561 /* PhotoRollUITests */,
			);
		};
/* End PBXProject section */

/* Begin PBXResourcesBuildPhase section */
		5B90103D1C99913E00796561 /* Resources */ = {
			isa = PBXResourcesBuildPhase;
			buildActionMask = 2147483647;
			files = (
				5B9010501C99913F00796561 /* LaunchScreen.storyboard in Resources */,
				5B90104D1C99913F00796561 /* Assets.xcassets in Resources */,
				5B9010481C99913F00796561 /* Main.storyboard in Resources */,
			);
			runOnlyForDeploymentPostprocessing = 0;
		};
		5B9010541C99913F00796561 /* Resources */ = {
			isa = PBXResourcesBuildPhase;
			buildActionMask = 2147483647;
			files = (
				5B9010BA1C9ADE1000796561 /* Main.storyboard in Resources */,
			);
			runOnlyForDeploymentPostprocessing = 0;
		};
		5B90105F1C99913F00796561 /* Resources */ = {
			isa = PBXResourcesBuildPhase;
			buildActionMask = 2147483647;
			files = (
			);
			runOnlyForDeploymentPostprocessing = 0;
		};
/* End PBXResourcesBuildPhase section */

/* Begin PBXShellScriptBuildPhase section */
		09057159A1B377B38FC60CBE /* [CP] Copy Pods Resources */ = {
			isa = PBXShellScriptBuildPhase;
			buildActionMask = 2147483647;
			files = (
			);
			inputPaths = (
			);
			name = "[CP] Copy Pods Resources";
			outputPaths = (
			);
			runOnlyForDeploymentPostprocessing = 0;
			shellPath = /bin/sh;
			shellScript = "\"${SRCROOT}/Pods/Target Support Files/Pods-PhotoRollUITests/Pods-PhotoRollUITests-resources.sh\"\n";
			showEnvVarsInLog = 0;
		};
		36AC8A61BB49D80D27A6AE3A /* [CP] Copy Pods Resources */ = {
			isa = PBXShellScriptBuildPhase;
			buildActionMask = 2147483647;
			files = (
			);
			inputPaths = (
			);
			name = "[CP] Copy Pods Resources";
			outputPaths = (
			);
			runOnlyForDeploymentPostprocessing = 0;
			shellPath = /bin/sh;
			shellScript = "\"${SRCROOT}/Pods/Target Support Files/Pods-PhotoRoll/Pods-PhotoRoll-resources.sh\"\n";
			showEnvVarsInLog = 0;
		};
		3C58C6085F041855EB0A0BC4 /* [CP] Embed Pods Frameworks */ = {
			isa = PBXShellScriptBuildPhase;
			buildActionMask = 2147483647;
			files = (
			);
			inputPaths = (
			);
			name = "[CP] Embed Pods Frameworks";
			outputPaths = (
			);
			runOnlyForDeploymentPostprocessing = 0;
			shellPath = /bin/sh;
			shellScript = "\"${SRCROOT}/Pods/Target Support Files/Pods-PhotoRollTests/Pods-PhotoRollTests-frameworks.sh\"\n";
			showEnvVarsInLog = 0;
		};
		6B821766E9EBD7B47B1D975D /* [CP] Copy Pods Resources */ = {
			isa = PBXShellScriptBuildPhase;
			buildActionMask = 2147483647;
			files = (
			);
			inputPaths = (
			);
			name = "[CP] Copy Pods Resources";
			outputPaths = (
			);
			runOnlyForDeploymentPostprocessing = 0;
			shellPath = /bin/sh;
			shellScript = "\"${SRCROOT}/Pods/Target Support Files/Pods-PhotoRollTests/Pods-PhotoRollTests-resources.sh\"\n";
			showEnvVarsInLog = 0;
		};
		6DDA2F3E3D50E9413B7C4735 /* [CP] Check Pods Manifest.lock */ = {
			isa = PBXShellScriptBuildPhase;
			buildActionMask = 2147483647;
			files = (
			);
			inputPaths = (
			);
			name = "[CP] Check Pods Manifest.lock";
			outputPaths = (
			);
			runOnlyForDeploymentPostprocessing = 0;
			shellPath = /bin/sh;
			shellScript = "diff \"${PODS_ROOT}/../Podfile.lock\" \"${PODS_ROOT}/Manifest.lock\" > /dev/null\nif [ $? != 0 ] ; then\n    # print error to STDERR\n    echo \"error: The sandbox is not in sync with the Podfile.lock. Run 'pod install' or update your CocoaPods installation.\" >&2\n    exit 1\nfi\n";
			showEnvVarsInLog = 0;
		};
		BCA46EB35EBFC3C6D45F812A /* [CP] Embed Pods Frameworks */ = {
			isa = PBXShellScriptBuildPhase;
			buildActionMask = 2147483647;
			files = (
			);
			inputPaths = (
			);
			name = "[CP] Embed Pods Frameworks";
			outputPaths = (
			);
			runOnlyForDeploymentPostprocessing = 0;
			shellPath = /bin/sh;
			shellScript = "\"${SRCROOT}/Pods/Target Support Files/Pods-PhotoRollUITests/Pods-PhotoRollUITests-frameworks.sh\"\n";
			showEnvVarsInLog = 0;
		};
		DA31EB9EEB54CAFD4908E8DE /* [CP] Check Pods Manifest.lock */ = {
			isa = PBXShellScriptBuildPhase;
			buildActionMask = 2147483647;
			files = (
			);
			inputPaths = (
			);
			name = "[CP] Check Pods Manifest.lock";
			outputPaths = (
			);
			runOnlyForDeploymentPostprocessing = 0;
			shellPath = /bin/sh;
			shellScript = "diff \"${PODS_ROOT}/../Podfile.lock\" \"${PODS_ROOT}/Manifest.lock\" > /dev/null\nif [ $? != 0 ] ; then\n    # print error to STDERR\n    echo \"error: The sandbox is not in sync with the Podfile.lock. Run 'pod install' or update your CocoaPods installation.\" >&2\n    exit 1\nfi\n";
			showEnvVarsInLog = 0;
		};
		F0C1C39C8FA980A2644F20D8 /* [CP] Check Pods Manifest.lock */ = {
			isa = PBXShellScriptBuildPhase;
			buildActionMask = 2147483647;
			files = (
			);
			inputPaths = (
			);
			name = "[CP] Check Pods Manifest.lock";
			outputPaths = (
			);
			runOnlyForDeploymentPostprocessing = 0;
			shellPath = /bin/sh;
			shellScript = "diff \"${PODS_ROOT}/../Podfile.lock\" \"${PODS_ROOT}/Manifest.lock\" > /dev/null\nif [ $? != 0 ] ; then\n    # print error to STDERR\n    echo \"error: The sandbox is not in sync with the Podfile.lock. Run 'pod install' or update your CocoaPods installation.\" >&2\n    exit 1\nfi\n";
			showEnvVarsInLog = 0;
		};
		F427D52FA560741E9A06815C /* [CP] Embed Pods Frameworks */ = {
			isa = PBXShellScriptBuildPhase;
			buildActionMask = 2147483647;
			files = (
			);
			inputPaths = (
			);
			name = "[CP] Embed Pods Frameworks";
			outputPaths = (
			);
			runOnlyForDeploymentPostprocessing = 0;
			shellPath = /bin/sh;
			shellScript = "\"${SRCROOT}/Pods/Target Support Files/Pods-PhotoRoll/Pods-PhotoRoll-frameworks.sh\"\n";
			showEnvVarsInLog = 0;
		};
/* End PBXShellScriptBuildPhase section */

/* Begin PBXSourcesBuildPhase section */
		5B90103B1C99913E00796561 /* Sources */ = {
			isa = PBXSourcesBuildPhase;
			buildActionMask = 2147483647;
			files = (
				4565BFB21E8BEC980035E195 /* BenchmarkTimer.swift in Sources */,
				5BE313A31CEF197C00C20996 /* ImageDetailPresenter.swift in Sources */,
				5BE313A61CEF197C00C20996 /* ImageDetailRouter.swift in Sources */,
				5B90108C1C99AAC000796561 /* StringExtensions.swift in Sources */,
				5B90109F1C9AADAC00796561 /* ClientPhotos.swift in Sources */,
				5BE313C81CEF2AD400C20996 /* FetchImageWorker.swift in Sources */,
				5B90107D1C99A9A300796561 /* PhotosTimelineConfigurator.swift in Sources */,
				5BA250701CBFB303005F59AD /* TimelineCollectionViewController.swift in Sources */,
				450550BF1DAD0BB400918DF7 /* SwipeInteractionController.swift in Sources */,
				D8D2CA721E64467200004AB5 /* GDPerformanceMonitor.swift in Sources */,
				5B90107F1C99A9A300796561 /* PhotosTimelineModels.swift in Sources */,
				45463F941E66D20A00FA65ED /* ImageDownloader.swift in Sources */,
				D8D2CA761E64467300004AB5 /* GDPerformanceView.swift in Sources */,
				5B3FB3321CECCC1300035A4E /* TimelineCollectionGridLayout.swift in Sources */,
				4595A6721E715FBF009B80AD /* ImageDetailViewController+UIScrollView.swift in Sources */,
				D8D2CA741E64467200004AB5 /* GDPerformanceMonitorDelegate.swift in Sources */,
				5BE3139D1CEF197C00C20996 /* ImageDetailInteractor.swift in Sources */,
				5B9010BE1C9AE36900796561 /* FetchMediaWorker.swift in Sources */,
				5B610A501CFC55CB00646828 /* ImageUtils.swift in Sources */,
				5B9010811C99A9A300796561 /* PhotosTimelineRouter.swift in Sources */,
				5BE313A01CEF197C00C20996 /* ImageDetailModels.swift in Sources */,
				4565BFAF1E8957C90035E195 /* UIPanGestureRecognizerExtensions.swift in Sources */,
				5B90107E1C99A9A300796561 /* PhotosTimelineInteractor.swift in Sources */,
				5BE313A91CEF197C00C20996 /* ImageDetailViewController.swift in Sources */,
				5B8E856D1CAAA10800641C58 /* Decoders.swift in Sources */,
				5B3FB3281CECACFB00035A4E /* PhotoImageCollectionViewCell.swift in Sources */,
				5B3F5A0F1CFC7CF6004B4F23 /* ImageTransitioning.swift in Sources */,
				454AA8CD1E784308007BD6F2 /* UIColorExtensions.swift in Sources */,
				D8D2CA701E64467200004AB5 /* GDMarginLabel.swift in Sources */,
				5B3FB32D1CECB36C00035A4E /* ImageCache.swift in Sources */,
				5B9010801C99A9A300796561 /* PhotosTimelinePresenter.swift in Sources */,
				45463F971E66D9DD00FA65ED /* UIImageViewExtensions.swift in Sources */,
				5B9010871C99AA6F00796561 /* BaseClientAPI.swift in Sources */,
				5B9010911C99AB8A00796561 /* APIModels.swift in Sources */,
				5BE3139A1CEF197C00C20996 /* ImageDetailConfigurator.swift in Sources */,
				D8D2CA781E64467300004AB5 /* GDWindowViewController.swift in Sources */,
				45453FC21E701BF800AB096E /* TimelineCollectionViewController+ImageTransition.swift in Sources */,
				5B90104B1C99913F00796561 /* PhotoRoll.xcdatamodeld in Sources */,
				45453FBE1E701B7600AB096E /* ImageDetailViewController+ImageTransition.swift in Sources */,
				5B9010431C99913F00796561 /* AppDelegate.swift in Sources */,
			);
			runOnlyForDeploymentPostprocessing = 0;
		};
		5B9010521C99913F00796561 /* Sources */ = {
			isa = PBXSourcesBuildPhase;
			buildActionMask = 2147483647;
			files = (
				D8D2CA711E64467200004AB5 /* GDMarginLabel.swift in Sources */,
				5BB867861CAC34CB00C109BE /* Decoders.swift in Sources */,
				D8D2CA731E64467200004AB5 /* GDPerformanceMonitor.swift in Sources */,
				5B9010B71C9AD53A00796561 /* PhotosTimelineRouter.swift in Sources */,
				5B3F5A101CFC7CF6004B4F23 /* ImageTransitioning.swift in Sources */,
				5B90108D1C99AAC000796561 /* StringExtensions.swift in Sources */,
				D8D2CA771E64467300004AB5 /* GDPerformanceView.swift in Sources */,
				5B9010B91C9AD53A00796561 /* PhotosTimelineConfigurator.swift in Sources */,
				45EB815D1E94F59D001C2BDA /* ImageDetailViewController+ImageTransition.swift in Sources */,
				5BE313C91CEF2AD400C20996 /* FetchImageWorker.swift in Sources */,
				5BE313A11CEF197C00C20996 /* ImageDetailModels.swift in Sources */,
				5B9010B41C9AD50100796561 /* PhotosTimelinePresenter.swift in Sources */,
				45EB815E1E94F5AC001C2BDA /* TimelineCollectionViewController+ImageTransition.swift in Sources */,
				5B9010A01C9AADAC00796561 /* ClientPhotos.swift in Sources */,
				5B9010921C99AB8A00796561 /* APIModels.swift in Sources */,
				5B9010AE1C9ACEFC00796561 /* PhotosTimelineViewControllerTests.swift in Sources */,
				45EB815F1E94F5C3001C2BDA /* ImageDownloader.swift in Sources */,
				5B9010BB1C9ADE1400796561 /* AppDelegate.swift in Sources */,
				5BE3139B1CEF197C00C20996 /* ImageDetailConfigurator.swift in Sources */,
				5B9010AB1C9ACEFC00796561 /* PhotosTimelinePresenterTests.swift in Sources */,
				45EB815B1E94F599001C2BDA /* ImageDetailViewController.swift in Sources */,
				5B3FB32E1CECB36C00035A4E /* ImageCache.swift in Sources */,
				5B9010BF1C9AE36900796561 /* FetchMediaWorker.swift in Sources */,
				5BE313BE1CEF1C8A00C20996 /* ImageDetailInteractorTests.swift in Sources */,
				5B9010B61C9AD53A00796561 /* PhotosTimelineModels.swift in Sources */,
				45875F6C1E3B57F30043C52B /* SwipeInteractionController.swift in Sources */,
				D8D2CA751E64467300004AB5 /* GDPerformanceMonitorDelegate.swift in Sources */,
				45EB81591E94F593001C2BDA /* ImageDetailPresenter.swift in Sources */,
				5B3FB3291CECACFB00035A4E /* PhotoImageCollectionViewCell.swift in Sources */,
				5BE313C21CEF1C8A00C20996 /* ImageDetailViewControllerTests.swift in Sources */,
				5B9010B31C9AD4FE00796561 /* PhotosTimelineInteractor.swift in Sources */,
				5BE313C01CEF1C8A00C20996 /* ImageDetailPresenterTests.swift in Sources */,
				45EB815C1E94F59B001C2BDA /* ImageDetailViewController+UIScrollView.swift in Sources */,
				5BA250711CBFB303005F59AD /* TimelineCollectionViewController.swift in Sources */,
				D8D2CA791E64467300004AB5 /* GDWindowViewController.swift in Sources */,
				45EB81621E94F609001C2BDA /* UIPanGestureRecognizerExtensions.swift in Sources */,
				5B9010A81C9ACEFC00796561 /* PhotosTimelineInteractorTests.swift in Sources */,
				5B90105B1C99913F00796561 /* PhotoRollTests.swift in Sources */,
				5B3FB3331CECCC1300035A4E /* TimelineCollectionGridLayout.swift in Sources */,
				45EB815A1E94F596001C2BDA /* ImageDetailInteractor.swift in Sources */,
				45EB81631E94F60B001C2BDA /* UIImageViewExtensions.swift in Sources */,
				45EB81611E94F606001C2BDA /* UIColorExtensions.swift in Sources */,
				5B9010881C99AA6F00796561 /* BaseClientAPI.swift in Sources */,
				5BE313A71CEF197C00C20996 /* ImageDetailRouter.swift in Sources */,
				5B610A511CFC55CB00646828 /* ImageUtils.swift in Sources */,
				45EB81601E94F5E6001C2BDA /* BenchmarkTimer.swift in Sources */,
			);
			runOnlyForDeploymentPostprocessing = 0;
		};
		5B90105D1C99913F00796561 /* Sources */ = {
			isa = PBXSourcesBuildPhase;
			buildActionMask = 2147483647;
			files = (
				5B9010A11C9AADAC00796561 /* ClientPhotos.swift in Sources */,
				5B9010661C99913F00796561 /* PhotoRollUITests.swift in Sources */,
				5B9010891C99AA6F00796561 /* BaseClientAPI.swift in Sources */,
			);
			runOnlyForDeploymentPostprocessing = 0;
		};
/* End PBXSourcesBuildPhase section */

/* Begin PBXTargetDependency section */
		5B9010581C99913F00796561 /* PBXTargetDependency */ = {
			isa = PBXTargetDependency;
			target = 5B90103E1C99913E00796561 /* PhotoRoll */;
			targetProxy = 5B9010571C99913F00796561 /* PBXContainerItemProxy */;
		};
		5B9010631C99913F00796561 /* PBXTargetDependency */ = {
			isa = PBXTargetDependency;
			target = 5B90103E1C99913E00796561 /* PhotoRoll */;
			targetProxy = 5B9010621C99913F00796561 /* PBXContainerItemProxy */;
		};
/* End PBXTargetDependency section */

/* Begin PBXVariantGroup section */
		5B9010461C99913F00796561 /* Main.storyboard */ = {
			isa = PBXVariantGroup;
			children = (
				5B9010471C99913F00796561 /* Base */,
			);
			name = Main.storyboard;
			sourceTree = "<group>";
		};
		5B90104E1C99913F00796561 /* LaunchScreen.storyboard */ = {
			isa = PBXVariantGroup;
			children = (
				5B90104F1C99913F00796561 /* Base */,
			);
			name = LaunchScreen.storyboard;
			sourceTree = "<group>";
		};
/* End PBXVariantGroup section */

/* Begin XCBuildConfiguration section */
		5B9010681C99913F00796561 /* Debug */ = {
			isa = XCBuildConfiguration;
			buildSettings = {
				ALWAYS_SEARCH_USER_PATHS = NO;
				CLANG_CXX_LANGUAGE_STANDARD = "gnu++0x";
				CLANG_CXX_LIBRARY = "libc++";
				CLANG_ENABLE_MODULES = YES;
				CLANG_ENABLE_OBJC_ARC = YES;
				CLANG_WARN_BOOL_CONVERSION = YES;
				CLANG_WARN_CONSTANT_CONVERSION = YES;
				CLANG_WARN_DIRECT_OBJC_ISA_USAGE = YES_ERROR;
				CLANG_WARN_EMPTY_BODY = YES;
				CLANG_WARN_ENUM_CONVERSION = YES;
				CLANG_WARN_INFINITE_RECURSION = YES;
				CLANG_WARN_INT_CONVERSION = YES;
				CLANG_WARN_OBJC_ROOT_CLASS = YES_ERROR;
				CLANG_WARN_SUSPICIOUS_MOVE = YES;
				CLANG_WARN_UNREACHABLE_CODE = YES;
				CLANG_WARN__DUPLICATE_METHOD_MATCH = YES;
				"CODE_SIGN_IDENTITY[sdk=iphoneos*]" = "iPhone Developer";
				COPY_PHASE_STRIP = NO;
				DEBUG_INFORMATION_FORMAT = dwarf;
				ENABLE_STRICT_OBJC_MSGSEND = YES;
				ENABLE_TESTABILITY = YES;
				GCC_C_LANGUAGE_STANDARD = gnu99;
				GCC_DYNAMIC_NO_PIC = NO;
				GCC_NO_COMMON_BLOCKS = YES;
				GCC_OPTIMIZATION_LEVEL = 0;
				GCC_PREPROCESSOR_DEFINITIONS = (
					"DEBUG=1",
					"$(inherited)",
				);
				GCC_WARN_64_TO_32_BIT_CONVERSION = YES;
				GCC_WARN_ABOUT_RETURN_TYPE = YES_ERROR;
				GCC_WARN_UNDECLARED_SELECTOR = YES;
				GCC_WARN_UNINITIALIZED_AUTOS = YES_AGGRESSIVE;
				GCC_WARN_UNUSED_FUNCTION = YES;
				GCC_WARN_UNUSED_VARIABLE = YES;
				IPHONEOS_DEPLOYMENT_TARGET = 9.0;
				MTL_ENABLE_DEBUG_INFO = YES;
				ONLY_ACTIVE_ARCH = YES;
				SDKROOT = iphoneos;
				SWIFT_OPTIMIZATION_LEVEL = "-Onone";
				TARGETED_DEVICE_FAMILY = "1,2";
			};
			name = Debug;
		};
		5B9010691C99913F00796561 /* Release */ = {
			isa = XCBuildConfiguration;
			buildSettings = {
				ALWAYS_SEARCH_USER_PATHS = NO;
				CLANG_CXX_LANGUAGE_STANDARD = "gnu++0x";
				CLANG_CXX_LIBRARY = "libc++";
				CLANG_ENABLE_MODULES = YES;
				CLANG_ENABLE_OBJC_ARC = YES;
				CLANG_WARN_BOOL_CONVERSION = YES;
				CLANG_WARN_CONSTANT_CONVERSION = YES;
				CLANG_WARN_DIRECT_OBJC_ISA_USAGE = YES_ERROR;
				CLANG_WARN_EMPTY_BODY = YES;
				CLANG_WARN_ENUM_CONVERSION = YES;
				CLANG_WARN_INFINITE_RECURSION = YES;
				CLANG_WARN_INT_CONVERSION = YES;
				CLANG_WARN_OBJC_ROOT_CLASS = YES_ERROR;
				CLANG_WARN_SUSPICIOUS_MOVE = YES;
				CLANG_WARN_UNREACHABLE_CODE = YES;
				CLANG_WARN__DUPLICATE_METHOD_MATCH = YES;
				"CODE_SIGN_IDENTITY[sdk=iphoneos*]" = "iPhone Developer";
				COPY_PHASE_STRIP = NO;
				DEBUG_INFORMATION_FORMAT = "dwarf-with-dsym";
				ENABLE_NS_ASSERTIONS = NO;
				ENABLE_STRICT_OBJC_MSGSEND = YES;
				GCC_C_LANGUAGE_STANDARD = gnu99;
				GCC_NO_COMMON_BLOCKS = YES;
				GCC_WARN_64_TO_32_BIT_CONVERSION = YES;
				GCC_WARN_ABOUT_RETURN_TYPE = YES_ERROR;
				GCC_WARN_UNDECLARED_SELECTOR = YES;
				GCC_WARN_UNINITIALIZED_AUTOS = YES_AGGRESSIVE;
				GCC_WARN_UNUSED_FUNCTION = YES;
				GCC_WARN_UNUSED_VARIABLE = YES;
				IPHONEOS_DEPLOYMENT_TARGET = 9.0;
				MTL_ENABLE_DEBUG_INFO = NO;
				SDKROOT = iphoneos;
				SWIFT_OPTIMIZATION_LEVEL = "-Owholemodule";
				TARGETED_DEVICE_FAMILY = "1,2";
				VALIDATE_PRODUCT = YES;
			};
			name = Release;
		};
		5B90106B1C99913F00796561 /* Debug */ = {
			isa = XCBuildConfiguration;
			baseConfigurationReference = EEE4B27E159BF2BE15EBCD85 /* Pods-PhotoRoll.debug.xcconfig */;
			buildSettings = {
				ASSETCATALOG_COMPILER_APPICON_NAME = AppIcon;
				DEVELOPMENT_TEAM = 22C8A495ZU;
				INFOPLIST_FILE = PhotoRoll/Info.plist;
				IPHONEOS_DEPLOYMENT_TARGET = 9.0;
				LD_RUNPATH_SEARCH_PATHS = "$(inherited) @executable_path/Frameworks";
				PRODUCT_BUNDLE_IDENTIFIER = com.cantero.PhotoRoll;
				PRODUCT_NAME = "$(TARGET_NAME)";
				SWIFT_VERSION = 3.0;
				TARGETED_DEVICE_FAMILY = 1;
			};
			name = Debug;
		};
		5B90106C1C99913F00796561 /* Release */ = {
			isa = XCBuildConfiguration;
			baseConfigurationReference = E4607D30E7E6E14BEE93C13C /* Pods-PhotoRoll.release.xcconfig */;
			buildSettings = {
				ASSETCATALOG_COMPILER_APPICON_NAME = AppIcon;
				DEVELOPMENT_TEAM = 22C8A495ZU;
				INFOPLIST_FILE = PhotoRoll/Info.plist;
				IPHONEOS_DEPLOYMENT_TARGET = 9.0;
				LD_RUNPATH_SEARCH_PATHS = "$(inherited) @executable_path/Frameworks";
				PRODUCT_BUNDLE_IDENTIFIER = com.cantero.PhotoRoll;
				PRODUCT_NAME = "$(TARGET_NAME)";
				SWIFT_VERSION = 3.0;
				TARGETED_DEVICE_FAMILY = 1;
			};
			name = Release;
		};
		5B90106E1C99913F00796561 /* Debug */ = {
			isa = XCBuildConfiguration;
			baseConfigurationReference = 898E49CCFCA910986FD77488 /* Pods-PhotoRollTests.debug.xcconfig */;
			buildSettings = {
				BUNDLE_LOADER = "$(TEST_HOST)";
				INFOPLIST_FILE = PhotoRollTests/Info.plist;
				LD_RUNPATH_SEARCH_PATHS = "$(inherited) @executable_path/Frameworks @loader_path/Frameworks";
				PRODUCT_BUNDLE_IDENTIFIER = com.cantero.PhotoRollTests;
				PRODUCT_NAME = "$(TARGET_NAME)";
				SWIFT_VERSION = 3.0;
				TEST_HOST = "$(BUILT_PRODUCTS_DIR)/PhotoRoll.app/PhotoRoll";
			};
			name = Debug;
		};
		5B90106F1C99913F00796561 /* Release */ = {
			isa = XCBuildConfiguration;
			baseConfigurationReference = D3838EC79343F96F8959DE09 /* Pods-PhotoRollTests.release.xcconfig */;
			buildSettings = {
				BUNDLE_LOADER = "$(TEST_HOST)";
				INFOPLIST_FILE = PhotoRollTests/Info.plist;
				LD_RUNPATH_SEARCH_PATHS = "$(inherited) @executable_path/Frameworks @loader_path/Frameworks";
				PRODUCT_BUNDLE_IDENTIFIER = com.cantero.PhotoRollTests;
				PRODUCT_NAME = "$(TARGET_NAME)";
				SWIFT_VERSION = 3.0;
				TEST_HOST = "$(BUILT_PRODUCTS_DIR)/PhotoRoll.app/PhotoRoll";
			};
			name = Release;
		};
		5B9010711C99913F00796561 /* Debug */ = {
			isa = XCBuildConfiguration;
			baseConfigurationReference = AD677C8D2C30112C7C9B6C8C /* Pods-PhotoRollUITests.debug.xcconfig */;
			buildSettings = {
				INFOPLIST_FILE = PhotoRollUITests/Info.plist;
				LD_RUNPATH_SEARCH_PATHS = "$(inherited) @executable_path/Frameworks @loader_path/Frameworks";
				PRODUCT_BUNDLE_IDENTIFIER = com.cantero.PhotoRollUITests;
				PRODUCT_NAME = "$(TARGET_NAME)";
				SWIFT_VERSION = 3.0;
				TEST_TARGET_NAME = PhotoRoll;
				USES_XCTRUNNER = YES;
			};
			name = Debug;
		};
		5B9010721C99913F00796561 /* Release */ = {
			isa = XCBuildConfiguration;
			baseConfigurationReference = F8AA02ED98C169398F74CE20 /* Pods-PhotoRollUITests.release.xcconfig */;
			buildSettings = {
				INFOPLIST_FILE = PhotoRollUITests/Info.plist;
				LD_RUNPATH_SEARCH_PATHS = "$(inherited) @executable_path/Frameworks @loader_path/Frameworks";
				PRODUCT_BUNDLE_IDENTIFIER = com.cantero.PhotoRollUITests;
				PRODUCT_NAME = "$(TARGET_NAME)";
				SWIFT_VERSION = 3.0;
				TEST_TARGET_NAME = PhotoRoll;
				USES_XCTRUNNER = YES;
			};
			name = Release;
		};
/* End XCBuildConfiguration section */

/* Begin XCConfigurationList section */
		5B90103A1C99913E00796561 /* Build configuration list for PBXProject "PhotoRoll" */ = {
			isa = XCConfigurationList;
			buildConfigurations = (
				5B9010681C99913F00796561 /* Debug */,
				5B9010691C99913F00796561 /* Release */,
			);
			defaultConfigurationIsVisible = 0;
			defaultConfigurationName = Release;
		};
		5B90106A1C99913F00796561 /* Build configuration list for PBXNativeTarget "PhotoRoll" */ = {
			isa = XCConfigurationList;
			buildConfigurations = (
				5B90106B1C99913F00796561 /* Debug */,
				5B90106C1C99913F00796561 /* Release */,
			);
			defaultConfigurationIsVisible = 0;
			defaultConfigurationName = Release;
		};
		5B90106D1C99913F00796561 /* Build configuration list for PBXNativeTarget "PhotoRollTests" */ = {
			isa = XCConfigurationList;
			buildConfigurations = (
				5B90106E1C99913F00796561 /* Debug */,
				5B90106F1C99913F00796561 /* Release */,
			);
			defaultConfigurationIsVisible = 0;
			defaultConfigurationName = Release;
		};
		5B9010701C99913F00796561 /* Build configuration list for PBXNativeTarget "PhotoRollUITests" */ = {
			isa = XCConfigurationList;
			buildConfigurations = (
				5B9010711C99913F00796561 /* Debug */,
				5B9010721C99913F00796561 /* Release */,
			);
			defaultConfigurationIsVisible = 0;
			defaultConfigurationName = Release;
		};
/* End XCConfigurationList section */

/* Begin XCVersionGroup section */
		5B9010491C99913F00796561 /* PhotoRoll.xcdatamodeld */ = {
			isa = XCVersionGroup;
			children = (
				5B90104A1C99913F00796561 /* PhotoRoll.xcdatamodel */,
			);
			currentVersion = 5B90104A1C99913F00796561 /* PhotoRoll.xcdatamodel */;
			path = PhotoRoll.xcdatamodeld;
			sourceTree = "<group>";
			versionGroupType = wrapper.xcdatamodel;
		};
/* End XCVersionGroup section */
	};
	rootObject = 5B9010371C99913E00796561 /* Project object */;
}
